{
  "name": "motion",
  "version": "10.5.0",
  "lockfileVersion": 2,
  "requires": true,
  "packages": {
    "": {
      "name": "motion",
      "version": "10.5.0-alpha.1",
      "dependencies": {
        "@motionone/dom": "^10.5.0-alpha.1"
      }
    },
    "node_modules/@motionone/dom": {
      "version": "10.5.0-alpha.1",
      "resolved": "https://registry.npmjs.org/@motionone/dom/-/dom-10.5.0-alpha.1.tgz",
      "integrity": "sha512-DcatvwYkG/srTN2e14nAhtSHkUXdvyDkO3a6d2kAM/LjKrJbre8clpzWgYb5/44eb+2YjiHsU7Dj3ZrPrFYzQw==",
      "dependencies": {
        "tslib": "^2.3.1"
      }
    },
    "node_modules/tslib": {
      "version": "2.3.1",
      "resolved": "https://registry.npmjs.org/tslib/-/tslib-2.3.1.tgz",
      "integrity": "sha512-77EbyPPpMz+FRFRuAFlWMtmgUWGe9UOG2Z25NqCwiIjRhOf5iKGuzSe5P2w1laq+FkRy4p+PCuVkJSGkzTEKVw=="
    }
  },
  "dependencies": {
    "@motionone/dom": {
      "version": "10.5.0-alpha.1",
      "resolved": "https://registry.npmjs.org/@motionone/dom/-/dom-10.5.0-alpha.1.tgz",
      "integrity": "sha512-DcatvwYkG/srTN2e14nAhtSHkUXdvyDkO3a6d2kAM/LjKrJbre8clpzWgYb5/44eb+2YjiHsU7Dj3ZrPrFYzQw==",
      "requires": {
        "tslib": "^2.3.1"
      }
    },
    "tslib": {
      "version": "2.3.1",
      "resolved": "https://registry.npmjs.org/tslib/-/tslib-2.3.1.tgz",
      "integrity": "sha512-77EbyPPpMz+FRFRuAFlWMtmgUWGe9UOG2Z25NqCwiIjRhOf5iKGuzSe5P2w1laq+FkRy4p+PCuVkJSGkzTEKVw=="
    }
  }
}
